{
  "name": "tww-rando-stats",
  "version": "1.0.0",
  "lockfileVersion": 1,
  "requires": true,
  "dependencies": {
    "@pelevesque/elo": {
      "version": "2.0.3",
      "resolved": "https://registry.npmjs.org/@pelevesque/elo/-/elo-2.0.3.tgz",
      "integrity": "sha512-3w3wOYS/Gf5QxCSy+q74pkZwAtI58t6adm4EZInab4613q+ipeZe4gV3aEglY9s9Fd4uZlueR5bxhjom6v0TkQ=="
    },
    "lodash": {
      "version": "4.17.19",
      "resolved": "https://registry.npmjs.org/lodash/-/lodash-4.17.19.tgz",
      "integrity": "sha512-JNvd8XER9GQX0v2qJgsaN/mzFCNA5BRe/j8JN9d+tWyGLSodKQHKFicdwNYzWwI3wjRnaKPsGj1XkBjx/F96DQ=="
    }
  }
}
